{
    "version": "0.5",
    "requires": [
        "zstd/1.5.7#b68ca8e3de04ba5957761751d1d661f4%1783959608.8497214",
        "zlib/1.3.2#1cb806da49011867778ffb6ac7190fcb%1783959608.037562",
        "zix/0.8.2#8a24c4373480a1b855b62680909ac1fe%1788618604.7088892",
        "xxhash/0.8.3#681d36a0a6111fc56e5e45ea182c19cc%1783959608.9251957",
        "xorg/system#87ea3cbfa907ff490f4ece2f5fa3dbb9%1783959608.2736554",
        "xkeyboard-config/system#74aea985b91f987b93b220b44963d7ed%1783959608.2665825",
        "xkbcommon/1.5.0#a1967ac03867488bef2f359e45a79245%1788618604.432163",
        "wayland/1.22.0#7590b59294bf549a8e85900430b84344%1788618604.1502256",
        "vorbis/1.3.7#a019e93187ade6ee8a51762f88092604%1783959608.7152703",
        "type_safe/0.2.4#241dd6198c3fe31c70b264af67f54507%1783959608.8599553",
        "tracy/0.13.1#df9689303ecc235fabb3cdd2f29c2332%1785589274.0801191",
        "sratom/0.6.22#4f30b3ba7faebc97c51485a238d6c963%1788618605.8640845",
        "spdlog/1.17.0#bcbaaf7147bda6ad24ffbd1ac3d7142c%1783959608.5744421",
        "sord/0.16.22#3725de9e248a2321b229b2614f52a247%1788618605.5958686",
        "serd/0.32.10#c07b4c20b6a2aad4b7d5b90a34cf5871%1788618605.3148403",
        "scnlib/4.0.1#138bce91404e99c17d04676e42c219a8%1783959608.5857687",
        "qt/6.11.1#8dfd416eb6577f34a57d41b771d68dc0%1788618603.2970734",
        "pcre2/10.42#a0b25dffca18f5987304619e9c93fb44%1783959608.0838482",
        "opus/1.6.1#7e0197357d52694054095d4c9a3afc10%1783959608.7781131",
        "openssl/3.6.3#a81313131c78c6414f25b5fe0a83204b%1783959608.0692213",
        "opengl/system#cfcf523b9d2bad75cbf377f56562634c%1783959608.4484377",
        "onetbb/2023.0.0#b377fe208df65d7e55247ae81fc0b82c%1783959608.8999472",
        "ogg/1.3.5#e8186fe05ebe9f8e706fa4bde2164d12%1783959608.703843",
        "nlohmann_json/3.12.1#d58f2894c5def12a78e65877a75c2a9c%1783959608.672095",
        "mpmcqueue/1.0#2ee1ee66c518536833242ace33169d47%1785753253.137113",
        "mpg123/1.33.0#7ce2699b21032dfd9a706441e86668c9%1788618603.568343",
        "md4c/0.5.2#3d7106721e458f9f799b87d4d50d02e0%1783959608.496362",
        "magic_enum/0.9.7#a67beaf011152f3d3af1a366975b1a1b%1783959608.5396621",
        "lv2/1.18.10#4d657d64f50de66cef305f19796f1dd7%1788618605.034869",
        "lilv/0.28.0#5f294895064aa9d6051237e66e640352%1788618606.121817",
        "libxml2/2.15.3#3406c6d8d327e9b84c0c894feb859514%1783959608.2844498",
        "libsndfile/1.2.2#331a3bf2dc523194f5b4880ca807072a%1783959608.6958003",
        "libpng/1.6.58#19cb72905ae54f54948401f753faa2c1%1783959608.1261027",
        "libmp3lame/3.100#44b12d19316eb2b223d98d3e75dae438%1783959608.8312562",
        "libjpeg-turbo/3.1.4.1#b3c84b3341b4416dd8a5afe1740f9d87%1788618603.8411195",
        "libiconv/1.17#9923bc6dc6f106646d6967e0039a5ada%1783959608.293811",
        "json-schema-validator/2.4.0#281307f40ef1ba810b870139a9a4a9ba%1783959608.6859674",
        "hwloc/2.12.2#81314118300a8ee69b352f2d1b21d9d7%1783959608.9073858",
        "harfbuzz/12.3.0#a5fef061896cd5c30e9a17c9d7920ad1%1783959608.215497",
        "gtest/1.16.0#6f3c35a0e7c0e4021ead360870097714%1783959608.934454",
        "gsl-lite/1.1.0#20ab56f9fef38a579cc68df8191b26ca%1783959608.8808212",
        "freetype/2.14.3#4ee27b7918b546a96d7e6898e3a02b34%1783959608.1185129",
        "fontconfig/2.15.0#5d752580de3d735bcdd66db6b7ef4fb2%1783959608.1776166",
        "fmt/12.1.0#50abab23274d56bb8f42c94b3b9a40c7%1783959608.5582862",
        "flac/1.4.2#a903f1a261e796e4a1061fdfd48927a3%1783959608.7308097",
        "fast_float/6.1.0#1395369e5acf6db2e0377ec600ca2d24%1783959608.593201",
        "expat/2.8.2#47bed4455ba060e4104dc20d6a448c34%1783959608.1861165",
        "egl/system#9d33d024a47d4b3fec1d0fcc7cb2717f%1783959608.4398346",
        "double-conversion/3.3.0#6ad026cf92c316c476919f7f152072d7%1783959608.1054616",
        "debug_assert/1.3.3#c87adc8531fdb15c16632b908fd648b8%1783959608.8663414",
        "dbus/1.15.8#3cdcb97b51b7f931f9f11c57d8409845%1783959608.461928",
        "bzip2/1.0.8#c470882369c2d95c5c77e970c0c7e321%1783959608.0932028",
        "brotli/1.1.0#3f631ef77008f7b5eb388780116371a3%1783959608.1374667",
        "boost/1.91.0#9b41246fdc6288d648e8ad5b1649fbaf%1783959608.6382024",
        "benchmark/1.9.5#b885dc73ad67b40a55d45684d1c88ad1%1783959608.9441714",
        "au/0.5.0#735a755cd2466236d104dd157228b1eb%1783959608.8896365"
    ],
    "build_requires": [
        "zlib/1.3.2#1cb806da49011867778ffb6ac7190fcb%1783959608.037562",
        "yasm/1.3.0#c0bc84844465e1cd7850c820ad5b09b6%1783959608.8172371",
        "xorg/system#87ea3cbfa907ff490f4ece2f5fa3dbb9%1783959608.2736554",
        "xkeyboard-config/system#74aea985b91f987b93b220b44963d7ed%1783959608.2665825",
        "xkbcommon/1.5.0#a1967ac03867488bef2f359e45a79245%1788618604.432163",
        "wayland-protocols/1.45#79bbdf84ebb0fcc3353686529e0a2322%1783959608.4284203",
        "wayland/1.22.0#7590b59294bf549a8e85900430b84344%1788618604.1502256",
        "sqlite3/3.53.3#3e65f6cb355519ff366968fd823fb057%1783666646.0652652",
        "qt/6.11.1#8dfd416eb6577f34a57d41b771d68dc0%1788618603.2970734",
        "pkgconf/2.5.1#93c2051284cba1279494a43a4fcfeae2%1783959608.164726",
        "pkgconf/2.1.0#21f96520faf7660b99f872e956d2ac13%1783959608.4802816",
        "pkgconf/2.0.3#c7ba7fd1d7d22534ee070ae60ed79604%1783959608.8027694",
        "pcre2/10.42#a0b25dffca18f5987304619e9c93fb44%1783959608.0838482",
        "openssl/3.6.3#a81313131c78c6414f25b5fe0a83204b%1783959608.0692213",
        "opengl/system#cfcf523b9d2bad75cbf377f56562634c%1783959608.4484377",
        "ninja/1.13.2#c8c5dc2a52ed6e4e42a66d75b4717ceb%1783959608.0573928",
        "nasm/2.15.05#f7d6a6f3b14f583e001d9ae84e8cd152%1783959608.2466402",
        "meson/1.10.2#9d2d10681fe7fe61c788c58626c89b25%1783959608.1503747",
        "meson/1.4.0#2262941cc8fbb0099dd0c196ca2a6c01%1726730116.631",
        "md4c/0.5.2#3d7106721e458f9f799b87d4d50d02e0%1783959608.496362",
        "m4/1.4.19#34c4bbc3eeebe98ca6edf2f52d602e7d%1783959608.3621676",
        "libxml2/2.15.3#3406c6d8d327e9b84c0c894feb859514%1783959608.2844498",
        "libpng/1.6.58#19cb72905ae54f54948401f753faa2c1%1783959608.1261027",
        "libiconv/1.17#9923bc6dc6f106646d6967e0039a5ada%1783959608.293811",
        "libffi/3.4.8#a045c00fb26779635e3bed40e80c5254%1783959608.3213503",
        "icu/74.2#be852764f7cd67c44e637f674e2c3e98%1783666643.6279552",
        "harfbuzz/12.3.0#a5fef061896cd5c30e9a17c9d7920ad1%1783959608.215497",
        "gperf/3.1#a7afdf8f7cccdc2dcd4d962370c33d4f%1783959608.1960773",
        "gnu-config/cci.20210814#466e9d4d7779e1c142443f7ea44b4284%1783959608.3877065",
        "freetype/2.14.3#4ee27b7918b546a96d7e6898e3a02b34%1783959608.1185129",
        "fontconfig/2.15.0#5d752580de3d735bcdd66db6b7ef4fb2%1783959608.1776166",
        "flex/2.6.4#efa781fc5088b47c895bd4eef6911f2e%1783959608.3724887",
        "expat/2.8.2#47bed4455ba060e4104dc20d6a448c34%1783959608.1861165",
        "double-conversion/3.3.0#6ad026cf92c316c476919f7f152072d7%1783959608.1054616",
        "dbus/1.15.8#3cdcb97b51b7f931f9f11c57d8409845%1783959608.461928",
        "cmake/4.3.3#840cf00ea09777e05c2050a50a82c722%1783959608.0479562",
        "bzip2/1.0.8#c470882369c2d95c5c77e970c0c7e321%1783959608.0932028",
        "brotli/1.1.0#3f631ef77008f7b5eb388780116371a3%1783959608.1374667",
        "bison/3.8.2#c3490cbe0078b6fd3eb4cf5ed64144dc%1783959608.3505845"
    ],
    "python_requires": [],
    "config_requires": []
}
